
Microsoft Visual Studio Solution File, Format Version 12.00
# Visual Studio Version 16
VisualStudioVersion = 16.0.34031.81
MinimumVisualStudioVersion = 10.0.40219.1
Project("{9A19103F-16F7-4668-BE54-9A1E7A4F7556}") = "Person_Details", "ConsoleApp12\Person_Details.csproj", "{5D583AE7-16CE-49AD-AF09-AD27DE213B92}"
EndProject
Global
	GlobalSection(SolutionConfigurationPlatforms) = preSolution
		Debug|Any CPU = Debug|Any CPU
		Release|Any CPU = Release|Any CPU
	EndGlobalSection
	GlobalSection(ProjectConfigurationPlatforms) = postSolution
		{5D583AE7-16CE-49AD-AF09-AD27DE213B92}.Debug|Any CPU.ActiveCfg = Debug|Any CPU
		{5D583AE7-16CE-49AD-AF09-AD27DE213B92}.Debug|Any CPU.Build.0 = Debug|Any CPU
		{5D583AE7-16CE-49AD-AF09-AD27DE213B92}.Release|Any CPU.ActiveCfg = Release|Any CPU
		{5D583AE7-16CE-49AD-AF09-AD27DE213B92}.Release|Any CPU.Build.0 = Release|Any CPU
	EndGlobalSection
	GlobalSection(SolutionProperties) = preSolution
		HideSolutionNode = FALSE
	EndGlobalSection
	GlobalSection(ExtensibilityGlobals) = postSolution
		SolutionGuid = {F18DDB77-A103-4555-B6C0-4683747540CB}
	EndGlobalSection
EndGlobal
